{
  "name": "dcrawjs",
  "version": "1.0.0",
  "lockfileVersion": 1,
  "requires": true,
  "dependencies": {
    "dcrawjs-darwin": {
      "version": "1.0.3",
      "resolved": "github:ajzat34/dcrawjs-darwin#98e129b9e127d047df8040ae9ea18c0ad0e532af",
      "optional": true
    },
    "dcrawjs-win32": {
      "version": "1.0.3",
      "resolved": "github:ajzat34/dcrawjs-win32#8c5a73bde4c0a57c2b7e3c0cde8df3be1334207e",
      "optional": true
    }
  }
}
